<?xml version="1.0" encoding="utf-8"?>
<Project ToolsVersion="4.0" xmlns="http://schemas.microsoft.com/developer/msbuild/2003">
  <ItemGroup>
    <Filter Include="Test">
      <UniqueIdentifier>{ed8d552c-016b-4f87-b7fd-b938180a0ab9}</UniqueIdentifier>
    </Filter>
    <Filter Include="Test\Events">
      <UniqueIdentifier>{d369a4e0-e82a-4fab-b552-ac350d44d9f5}</UniqueIdentifier>
    </Filter>
  </ItemGroup>
  <ItemGroup>
    <ClCompile Include="..\..\..\..\Tests\TestUIElement\main.cpp">
      <Filter>Test</Filter>
    </ClCompile>
    <ClCompile Include="..\..\..\..\Tests\TestUIElement\TestRegistration.cpp">
      <Filter>Test\Events</Filter>
    </ClCompile>
  </ItemGroup>
</Project>